
Microsoft Visual Studio Solution File, Format Version 12.00
Project("{FAE04EC0-301F-11D3-BF4B-00C04F79EFBC}") = "Poo- Jogo RPG", "Poo- Jogo RPG\Poo- Jogo RPG.csproj", "{80258F6B-1383-40EE-91A1-B70EC1285D2D}"
EndProject
Global
	GlobalSection(SolutionConfigurationPlatforms) = preSolution
		Debug|Any CPU = Debug|Any CPU
		Release|Any CPU = Release|Any CPU
	EndGlobalSection
	GlobalSection(ProjectConfigurationPlatforms) = postSolution
		{80258F6B-1383-40EE-91A1-B70EC1285D2D}.Debug|Any CPU.ActiveCfg = Debug|Any CPU
		{80258F6B-1383-40EE-91A1-B70EC1285D2D}.Debug|Any CPU.Build.0 = Debug|Any CPU
		{80258F6B-1383-40EE-91A1-B70EC1285D2D}.Release|Any CPU.ActiveCfg = Release|Any CPU
		{80258F6B-1383-40EE-91A1-B70EC1285D2D}.Release|Any CPU.Build.0 = Release|Any CPU
	EndGlobalSection
EndGlobal
